// !$*UTF8*$!
{
	archiveVersion = 1;
	classes = {
	};
	objectVersion = 46;
	objects = {

/* Begin PBXBuildFile section */
		04031B91197C4D9700A33B8C /* AVFoundation.framework in Frameworks */ = {isa = PBXBuildFile; fileRef = 04031B90197C4D9700A33B8C /* AVFoundation.framework */; };
		04031B93197C514C00A33B8C /* RecordViewController.swift in Sources */ = {isa = PBXBuildFile; fileRef = 04031B92197C514C00A33B8C /* RecordViewController.swift */; };
		04129841198D86DA00BDEDAD /* Info.plist in Resources */ = {isa = PBXBuildFile; fileRef = 04129840198D86DA00BDEDAD /* Info.plist */; };
		0437E6C4197C4B6E00C0BFEB /* AppDelegate.swift in Sources */ = {isa = PBXBuildFile; fileRef = 0437E6C3197C4B6E00C0BFEB /* AppDelegate.swift */; };
		0437E6C9197C4B6E00C0BFEB /* Main.storyboard in Resources */ = {isa = PBXBuildFile; fileRef = 0437E6C7197C4B6E00C0BFEB /* Main.storyboard */; };
		0437E6CB197C4B6E00C0BFEB /* Images.xcassets in Resources */ = {isa = PBXBuildFile; fileRef = 0437E6CA197C4B6E00C0BFEB /* Images.xcassets */; };
		0437E6D7197C4B6E00C0BFEB /* bialoszewskiTests.swift in Sources */ = {isa = PBXBuildFile; fileRef = 0437E6D6197C4B6E00C0BFEB /* bialoszewskiTests.swift */; };
		045A568C198D375300F4BC95 /* Dropbox.framework in Frameworks */ = {isa = PBXBuildFile; fileRef = 045A568B198D375300F4BC95 /* Dropbox.framework */; };
		045A5692198D386D00F4BC95 /* CFNetwork.framework in Frameworks */ = {isa = PBXBuildFile; fileRef = 045A5691198D386D00F4BC95 /* CFNetwork.framework */; };
		045A5694198D388000F4BC95 /* Security.framework in Frameworks */ = {isa = PBXBuildFile; fileRef = 045A5693198D388000F4BC95 /* Security.framework */; };
		045A5696198D389900F4BC95 /* SystemConfiguration.framework in Frameworks */ = {isa = PBXBuildFile; fileRef = 045A5695198D389900F4BC95 /* SystemConfiguration.framework */; };
		045A5698198D38B800F4BC95 /* QuartzCore.framework in Frameworks */ = {isa = PBXBuildFile; fileRef = 045A5697198D38B800F4BC95 /* QuartzCore.framework */; };
		045A569A198D38CD00F4BC95 /* libc++.dylib in Frameworks */ = {isa = PBXBuildFile; fileRef = 045A5699198D38CD00F4BC95 /* libc++.dylib */; };
		045A569C198D38D700F4BC95 /* libz.dylib in Frameworks */ = {isa = PBXBuildFile; fileRef = 045A569B198D38D700F4BC95 /* libz.dylib */; };
/* End PBXBuildFile section */

/* Begin PBXContainerItemProxy section */
		0437E6D1197C4B6E00C0BFEB /* PBXContainerItemProxy */ = {
			isa = PBXContainerItemProxy;
			containerPortal = 0437E6B6197C4B6E00C0BFEB /* Project object */;
			proxyType = 1;
			remoteGlobalIDString = 0437E6BD197C4B6E00C0BFEB;
			remoteInfo = bialoszewski;
		};
/* End PBXContainerItemProxy section */

/* Begin PBXFileReference section */
		04031B90197C4D9700A33B8C /* AVFoundation.framework */ = {isa = PBXFileReference; lastKnownFileType = wrapper.framework; name = AVFoundation.framework; path = System/Library/Frameworks/AVFoundation.framework; sourceTree = SDKROOT; };
		04031B92197C514C00A33B8C /* RecordViewController.swift */ = {isa = PBXFileReference; fileEncoding = 4; lastKnownFileType = sourcecode.swift; path = RecordViewController.swift; sourceTree = "<group>"; };
		04129840198D86DA00BDEDAD /* Info.plist */ = {isa = PBXFileReference; fileEncoding = 4; lastKnownFileType = text.plist.xml; path = Info.plist; sourceTree = "<group>"; };
		0437E6BE197C4B6E00C0BFEB /* bialoszewski.app */ = {isa = PBXFileReference; explicitFileType = wrapper.application; includeInIndex = 0; path = bialoszewski.app; sourceTree = BUILT_PRODUCTS_DIR; };
		0437E6C3197C4B6E00C0BFEB /* AppDelegate.swift */ = {isa = PBXFileReference; lastKnownFileType = sourcecode.swift; path = AppDelegate.swift; sourceTree = "<group>"; };
		0437E6C8197C4B6E00C0BFEB /* Base */ = {isa = PBXFileReference; lastKnownFileType = file.storyboard; name = Base; path = Base.lproj/Main.storyboard; sourceTree = "<group>"; };
		0437E6CA197C4B6E00C0BFEB /* Images.xcassets */ = {isa = PBXFileReference; lastKnownFileType = folder.assetcatalog; name = Images.xcassets; path = bialoszewski/Images.xcassets; sourceTree = "<group>"; };
		0437E6D0197C4B6E00C0BFEB /* bialoszewskiTests.xctest */ = {isa = PBXFileReference; explicitFileType = wrapper.cfbundle; includeInIndex = 0; path = bialoszewskiTests.xctest; sourceTree = BUILT_PRODUCTS_DIR; };
		0437E6D5197C4B6E00C0BFEB /* Info.plist */ = {isa = PBXFileReference; lastKnownFileType = text.plist.xml; path = Info.plist; sourceTree = "<group>"; };
		0437E6D6197C4B6E00C0BFEB /* bialoszewskiTests.swift */ = {isa = PBXFileReference; lastKnownFileType = sourcecode.swift; path = bialoszewskiTests.swift; sourceTree = "<group>"; };
		045A568B198D375300F4BC95 /* Dropbox.framework */ = {isa = PBXFileReference; lastKnownFileType = wrapper.framework; name = Dropbox.framework; path = "../../Downloads/dropbox-ios-sync-sdk-3.0.1/Dropbox.framework"; sourceTree = "<group>"; };
		045A568E198D383200F4BC95 /* bialoszewski-Bridging-Header.h */ = {isa = PBXFileReference; lastKnownFileType = sourcecode.c.h; path = "bialoszewski-Bridging-Header.h"; sourceTree = "<group>"; };
		045A5691198D386D00F4BC95 /* CFNetwork.framework */ = {isa = PBXFileReference; lastKnownFileType = wrapper.framework; name = CFNetwork.framework; path = System/Library/Frameworks/CFNetwork.framework; sourceTree = SDKROOT; };
		045A5693198D388000F4BC95 /* Security.framework */ = {isa = PBXFileReference; lastKnownFileType = wrapper.framework; name = Security.framework; path = System/Library/Frameworks/Security.framework; sourceTree = SDKROOT; };
		045A5695198D389900F4BC95 /* SystemConfiguration.framework */ = {isa = PBXFileReference; lastKnownFileType = wrapper.framework; name = SystemConfiguration.framework; path = System/Library/Frameworks/SystemConfiguration.framework; sourceTree = SDKROOT; };
		045A5697198D38B800F4BC95 /* QuartzCore.framework */ = {isa = PBXFileReference; lastKnownFileType = wrapper.framework; name = QuartzCore.framework; path = System/Library/Frameworks/QuartzCore.framework; sourceTree = SDKROOT; };
		045A5699198D38CD00F4BC95 /* libc++.dylib */ = {isa = PBXFileReference; lastKnownFileType = "compiled.mach-o.dylib"; name = "libc++.dylib"; path = "usr/lib/libc++.dylib"; sourceTree = SDKROOT; };
		045A569B198D38D700F4BC95 /* libz.dylib */ = {isa = PBXFileReference; lastKnownFileType = "compiled.mach-o.dylib"; name = libz.dylib; path = usr/lib/libz.dylib; sourceTree = SDKROOT; };
/* End PBXFileReference section */

/* Begin PBXFrameworksBuildPhase section */
		0437E6BB197C4B6E00C0BFEB /* Frameworks */ = {
			isa = PBXFrameworksBuildPhase;
			buildActionMask = 2147483647;
			files = (
				045A569C198D38D700F4BC95 /* libz.dylib in Frameworks */,
				045A569A198D38CD00F4BC95 /* libc++.dylib in Frameworks */,
				045A5698198D38B800F4BC95 /* QuartzCore.framework in Frameworks */,
				045A5696198D389900F4BC95 /* SystemConfiguration.framework in Frameworks */,
				045A5694198D388000F4BC95 /* Security.framework in Frameworks */,
				045A5692198D386D00F4BC95 /* CFNetwork.framework in Frameworks */,
				04031B91197C4D9700A33B8C /* AVFoundation.framework in Frameworks */,
				045A568C198D375300F4BC95 /* Dropbox.framework in Frameworks */,
			);
			runOnlyForDeploymentPostprocessing = 0;
		};
		0437E6CD197C4B6E00C0BFEB /* Frameworks */ = {
			isa = PBXFrameworksBuildPhase;
			buildActionMask = 2147483647;
			files = (
			);
			runOnlyForDeploymentPostprocessing = 0;
		};
/* End PBXFrameworksBuildPhase section */

/* Begin PBXGroup section */
		04129846198D898600BDEDAD /* Controllers */ = {
			isa = PBXGroup;
			children = (
				04031B92197C514C00A33B8C /* RecordViewController.swift */,
			);
			name = Controllers;
			sourceTree = "<group>";
		};
		0437E6B5197C4B6E00C0BFEB = {
			isa = PBXGroup;
			children = (
				0486B21719884FDF00D97C87 /* Assets */,
				0486B21619884FB200D97C87 /* Frameworks */,
				0437E6C0197C4B6E00C0BFEB /* Classes */,
				0437E6D3197C4B6E00C0BFEB /* Tests */,
				0437E6BF197C4B6E00C0BFEB /* Products */,
			);
			sourceTree = "<group>";
		};
		0437E6BF197C4B6E00C0BFEB /* Products */ = {
			isa = PBXGroup;
			children = (
				0437E6BE197C4B6E00C0BFEB /* bialoszewski.app */,
				0437E6D0197C4B6E00C0BFEB /* bialoszewskiTests.xctest */,
			);
			name = Products;
			sourceTree = "<group>";
		};
		0437E6C0197C4B6E00C0BFEB /* Classes */ = {
			isa = PBXGroup;
			children = (
				04129846198D898600BDEDAD /* Controllers */,
				0437E6C1197C4B6E00C0BFEB /* Others */,
			);
			name = Classes;
			path = bialoszewski;
			sourceTree = "<group>";
		};
		0437E6C1197C4B6E00C0BFEB /* Others */ = {
			isa = PBXGroup;
			children = (
				045A568E198D383200F4BC95 /* bialoszewski-Bridging-Header.h */,
				0437E6C3197C4B6E00C0BFEB /* AppDelegate.swift */,
				0437E6C7197C4B6E00C0BFEB /* Main.storyboard */,
				04129840198D86DA00BDEDAD /* Info.plist */,
			);
			name = Others;
			sourceTree = "<group>";
		};
		0437E6D3197C4B6E00C0BFEB /* Tests */ = {
			isa = PBXGroup;
			children = (
				0437E6D6197C4B6E00C0BFEB /* bialoszewskiTests.swift */,
				0437E6D4197C4B6E00C0BFEB /* Supporting Files */,
			);
			name = Tests;
			path = bialoszewskiTests;
			sourceTree = "<group>";
		};
		0437E6D4197C4B6E00C0BFEB /* Supporting Files */ = {
			isa = PBXGroup;
			children = (
				0437E6D5197C4B6E00C0BFEB /* Info.plist */,
			);
			name = "Supporting Files";
			sourceTree = "<group>";
		};
		0486B21619884FB200D97C87 /* Frameworks */ = {
			isa = PBXGroup;
			children = (
				045A569B198D38D700F4BC95 /* libz.dylib */,
				045A5699198D38CD00F4BC95 /* libc++.dylib */,
				045A5697198D38B800F4BC95 /* QuartzCore.framework */,
				045A5695198D389900F4BC95 /* SystemConfiguration.framework */,
				045A5693198D388000F4BC95 /* Security.framework */,
				045A5691198D386D00F4BC95 /* CFNetwork.framework */,
				045A568B198D375300F4BC95 /* Dropbox.framework */,
				04031B90197C4D9700A33B8C /* AVFoundation.framework */,
			);
			name = Frameworks;
			sourceTree = "<group>";
		};
		0486B21719884FDF00D97C87 /* Assets */ = {
			isa = PBXGroup;
			children = (
				0437E6CA197C4B6E00C0BFEB /* Images.xcassets */,
			);
			name = Assets;
			sourceTree = "<group>";
		};
/* End PBXGroup section */

/* Begin PBXNativeTarget section */
		0437E6BD197C4B6E00C0BFEB /* bialoszewski */ = {
			isa = PBXNativeTarget;
			buildConfigurationList = 0437E6DA197C4B6E00C0BFEB /* Build configuration list for PBXNativeTarget "bialoszewski" */;
			buildPhases = (
				0437E6BA197C4B6E00C0BFEB /* Sources */,
				0437E6BB197C4B6E00C0BFEB /* Frameworks */,
				0437E6BC197C4B6E00C0BFEB /* Resources */,
			);
			buildRules = (
			);
			dependencies = (
			);
			name = bialoszewski;
			productName = bialoszewski;
			productReference = 0437E6BE197C4B6E00C0BFEB /* bialoszewski.app */;
			productType = "com.apple.product-type.application";
		};
		0437E6CF197C4B6E00C0BFEB /* bialoszewskiTests */ = {
			isa = PBXNativeTarget;
			buildConfigurationList = 0437E6DD197C4B6E00C0BFEB /* Build configuration list for PBXNativeTarget "bialoszewskiTests" */;
			buildPhases = (
				0437E6CC197C4B6E00C0BFEB /* Sources */,
				0437E6CD197C4B6E00C0BFEB /* Frameworks */,
				0437E6CE197C4B6E00C0BFEB /* Resources */,
			);
			buildRules = (
			);
			dependencies = (
				0437E6D2197C4B6E00C0BFEB /* PBXTargetDependency */,
			);
			name = bialoszewskiTests;
			productName = bialoszewskiTests;
			productReference = 0437E6D0197C4B6E00C0BFEB /* bialoszewskiTests.xctest */;
			productType = "com.apple.product-type.bundle.unit-test";
		};
/* End PBXNativeTarget section */

/* Begin PBXProject section */
		0437E6B6197C4B6E00C0BFEB /* Project object */ = {
			isa = PBXProject;
			attributes = {
				LastUpgradeCheck = 0600;
				ORGANIZATIONNAME = "Kamil Nicieja";
				TargetAttributes = {
					0437E6BD197C4B6E00C0BFEB = {
						CreatedOnToolsVersion = 6.0;
					};
					0437E6CF197C4B6E00C0BFEB = {
						CreatedOnToolsVersion = 6.0;
						TestTargetID = 0437E6BD197C4B6E00C0BFEB;
					};
				};
			};
			buildConfigurationList = 0437E6B9197C4B6E00C0BFEB /* Build configuration list for PBXProject "bialoszewski" */;
			compatibilityVersion = "Xcode 3.2";
			developmentRegion = English;
			hasScannedForEncodings = 0;
			knownRegions = (
				en,
				Base,
			);
			mainGroup = 0437E6B5197C4B6E00C0BFEB;
			productRefGroup = 0437E6BF197C4B6E00C0BFEB /* Products */;
			projectDirPath = "";
			projectRoot = "";
			targets = (
				0437E6BD197C4B6E00C0BFEB /* bialoszewski */,
				0437E6CF197C4B6E00C0BFEB /* bialoszewskiTests */,
			);
		};
/* End PBXProject section */

/* Begin PBXResourcesBuildPhase section */
		0437E6BC197C4B6E00C0BFEB /* Resources */ = {
			isa = PBXResourcesBuildPhase;
			buildActionMask = 2147483647;
			files = (
				04129841198D86DA00BDEDAD /* Info.plist in Resources */,
				0437E6C9197C4B6E00C0BFEB /* Main.storyboard in Resources */,
				0437E6CB197C4B6E00C0BFEB /* Images.xcassets in Resources */,
			);
			runOnlyForDeploymentPostprocessing = 0;
		};
		0437E6CE197C4B6E00C0BFEB /* Resources */ = {
			isa = PBXResourcesBuildPhase;
			buildActionMask = 2147483647;
			files = (
			);
			runOnlyForDeploymentPostprocessing = 0;
		};
/* End PBXResourcesBuildPhase section */

/* Begin PBXSourcesBuildPhase section */
		0437E6BA197C4B6E00C0BFEB /* Sources */ = {
			isa = PBXSourcesBuildPhase;
			buildActionMask = 2147483647;
			files = (
				0437E6C4197C4B6E00C0BFEB /* AppDelegate.swift in Sources */,
				04031B93197C514C00A33B8C /* RecordViewController.swift in Sources */,
			);
			runOnlyForDeploymentPostprocessing = 0;
		};
		0437E6CC197C4B6E00C0BFEB /* Sources */ = {
			isa = PBXSourcesBuildPhase;
			buildActionMask = 2147483647;
			files = (
				0437E6D7197C4B6E00C0BFEB /* bialoszewskiTests.swift in Sources */,
			);
			runOnlyForDeploymentPostprocessing = 0;
		};
/* End PBXSourcesBuildPhase section */

/* Begin PBXTargetDependency section */
		0437E6D2197C4B6E00C0BFEB /* PBXTargetDependency */ = {
			isa = PBXTargetDependency;
			target = 0437E6BD197C4B6E00C0BFEB /* bialoszewski */;
			targetProxy = 0437E6D1197C4B6E00C0BFEB /* PBXContainerItemProxy */;
		};
/* End PBXTargetDependency section */

/* Begin PBXVariantGroup section */
		0437E6C7197C4B6E00C0BFEB /* Main.storyboard */ = {
			isa = PBXVariantGroup;
			children = (
				0437E6C8197C4B6E00C0BFEB /* Base */,
			);
			name = Main.storyboard;
			sourceTree = "<group>";
		};
/* End PBXVariantGroup section */

/* Begin XCBuildConfiguration section */
		0437E6D8197C4B6E00C0BFEB /* Debug */ = {
			isa = XCBuildConfiguration;
			buildSettings = {
				ALWAYS_SEARCH_USER_PATHS = NO;
				CLANG_CXX_LANGUAGE_STANDARD = "gnu++0x";
				CLANG_CXX_LIBRARY = "libc++";
				CLANG_ENABLE_MODULES = YES;
				CLANG_ENABLE_OBJC_ARC = YES;
				CLANG_WARN_BOOL_CONVERSION = YES;
				CLANG_WARN_CONSTANT_CONVERSION = YES;
				CLANG_WARN_DIRECT_OBJC_ISA_USAGE = YES_ERROR;
				CLANG_WARN_EMPTY_BODY = YES;
				CLANG_WARN_ENUM_CONVERSION = YES;
				CLANG_WARN_INT_CONVERSION = YES;
				CLANG_WARN_OBJC_ROOT_CLASS = YES_ERROR;
				CLANG_WARN_UNREACHABLE_CODE = YES;
				CLANG_WARN__DUPLICATE_METHOD_MATCH = YES;
				"CODE_SIGN_IDENTITY[sdk=iphoneos*]" = "iPhone Developer";
				COPY_PHASE_STRIP = NO;
				ENABLE_STRICT_OBJC_MSGSEND = YES;
				GCC_C_LANGUAGE_STANDARD = gnu99;
				GCC_DYNAMIC_NO_PIC = NO;
				GCC_OPTIMIZATION_LEVEL = 0;
				GCC_PREPROCESSOR_DEFINITIONS = (
					"DEBUG=1",
					"$(inherited)",
				);
				GCC_SYMBOLS_PRIVATE_EXTERN = NO;
				GCC_WARN_64_TO_32_BIT_CONVERSION = YES;
				GCC_WARN_ABOUT_RETURN_TYPE = YES_ERROR;
				GCC_WARN_UNDECLARED_SELECTOR = YES;
				GCC_WARN_UNINITIALIZED_AUTOS = YES_AGGRESSIVE;
				GCC_WARN_UNUSED_FUNCTION = YES;
				GCC_WARN_UNUSED_VARIABLE = YES;
				IPHONEOS_DEPLOYMENT_TARGET = 8.0;
				MTL_ENABLE_DEBUG_INFO = YES;
				ONLY_ACTIVE_ARCH = YES;
				SDKROOT = iphoneos;
				SWIFT_OPTIMIZATION_LEVEL = "-Onone";
				TARGETED_DEVICE_FAMILY = 2;
			};
			name = Debug;
		};
		0437E6D9197C4B6E00C0BFEB /* Release */ = {
			isa = XCBuildConfiguration;
			buildSettings = {
				ALWAYS_SEARCH_USER_PATHS = NO;
				CLANG_CXX_LANGUAGE_STANDARD = "gnu++0x";
				CLANG_CXX_LIBRARY = "libc++";
				CLANG_ENABLE_MODULES = YES;
				CLANG_ENABLE_OBJC_ARC = YES;
				CLANG_WARN_BOOL_CONVERSION = YES;
				CLANG_WARN_CONSTANT_CONVERSION = YES;
				CLANG_WARN_DIRECT_OBJC_ISA_USAGE = YES_ERROR;
				CLANG_WARN_EMPTY_BODY = YES;
				CLANG_WARN_ENUM_CONVERSION = YES;
				CLANG_WARN_INT_CONVERSION = YES;
				CLANG_WARN_OBJC_ROOT_CLASS = YES_ERROR;
				CLANG_WARN_UNREACHABLE_CODE = YES;
				CLANG_WARN__DUPLICATE_METHOD_MATCH = YES;
				"CODE_SIGN_IDENTITY[sdk=iphoneos*]" = "iPhone Developer";
				COPY_PHASE_STRIP = YES;
				ENABLE_NS_ASSERTIONS = NO;
				ENABLE_STRICT_OBJC_MSGSEND = YES;
				GCC_C_LANGUAGE_STANDARD = gnu99;
				GCC_WARN_64_TO_32_BIT_CONVERSION = YES;
				GCC_WARN_ABOUT_RETURN_TYPE = YES_ERROR;
				GCC_WARN_UNDECLARED_SELECTOR = YES;
				GCC_WARN_UNINITIALIZED_AUTOS = YES_AGGRESSIVE;
				GCC_WARN_UNUSED_FUNCTION = YES;
				GCC_WARN_UNUSED_VARIABLE = YES;
				IPHONEOS_DEPLOYMENT_TARGET = 8.0;
				MTL_ENABLE_DEBUG_INFO = NO;
				SDKROOT = iphoneos;
				TARGETED_DEVICE_FAMILY = 2;
				VALIDATE_PRODUCT = YES;
			};
			name = Release;
		};
		0437E6DB197C4B6E00C0BFEB /* Debug */ = {
			isa = XCBuildConfiguration;
			buildSettings = {
				ASSETCATALOG_COMPILER_APPICON_NAME = AppIcon;
				ASSETCATALOG_COMPILER_LAUNCHIMAGE_NAME = LaunchImage;
				CLANG_ENABLE_MODULES = YES;
				FRAMEWORK_SEARCH_PATHS = (
					"$(inherited)",
					"/Users/thion/Downloads/dropbox-ios-sdk-1.3.11",
					"/Users/thion/Downloads/dropbox-ios-sync-sdk-3.0.1",
				);
				INFOPLIST_FILE = bialoszewski/Info.plist;
				LD_RUNPATH_SEARCH_PATHS = "$(inherited) @executable_path/Frameworks";
				PRODUCT_NAME = "$(TARGET_NAME)";
				SWIFT_OBJC_BRIDGING_HEADER = "bialoszewski/bialoszewski-Bridging-Header.h";
				SWIFT_OPTIMIZATION_LEVEL = "-Onone";
			};
			name = Debug;
		};
		0437E6DC197C4B6E00C0BFEB /* Release */ = {
			isa = XCBuildConfiguration;
			buildSettings = {
				ASSETCATALOG_COMPILER_APPICON_NAME = AppIcon;
				ASSETCATALOG_COMPILER_LAUNCHIMAGE_NAME = LaunchImage;
				CLANG_ENABLE_MODULES = YES;
				FRAMEWORK_SEARCH_PATHS = (
					"$(inherited)",
					"/Users/thion/Downloads/dropbox-ios-sdk-1.3.11",
					"/Users/thion/Downloads/dropbox-ios-sync-sdk-3.0.1",
				);
				INFOPLIST_FILE = bialoszewski/Info.plist;
				LD_RUNPATH_SEARCH_PATHS = "$(inherited) @executable_path/Frameworks";
				PRODUCT_NAME = "$(TARGET_NAME)";
				SWIFT_OBJC_BRIDGING_HEADER = "bialoszewski/bialoszewski-Bridging-Header.h";
			};
			name = Release;
		};
		0437E6DE197C4B6E00C0BFEB /* Debug */ = {
			isa = XCBuildConfiguration;
			buildSettings = {
				BUNDLE_LOADER = "$(BUILT_PRODUCTS_DIR)/bialoszewski.app/bialoszewski";
				FRAMEWORK_SEARCH_PATHS = (
					"$(SDKROOT)/Developer/Library/Frameworks",
					"$(inherited)",
				);
				GCC_PREPROCESSOR_DEFINITIONS = (
					"DEBUG=1",
					"$(inherited)",
				);
				INFOPLIST_FILE = bialoszewskiTests/Info.plist;
				LD_RUNPATH_SEARCH_PATHS = "$(inherited) @executable_path/Frameworks @loader_path/Frameworks";
				PRODUCT_NAME = "$(TARGET_NAME)";
				TEST_HOST = "$(BUNDLE_LOADER)";
			};
			name = Debug;
		};
		0437E6DF197C4B6E00C0BFEB /* Release */ = {
			isa = XCBuildConfiguration;
			buildSettings = {
				BUNDLE_LOADER = "$(BUILT_PRODUCTS_DIR)/bialoszewski.app/bialoszewski";
				FRAMEWORK_SEARCH_PATHS = (
					"$(SDKROOT)/Developer/Library/Frameworks",
					"$(inherited)",
				);
				INFOPLIST_FILE = bialoszewskiTests/Info.plist;
				LD_RUNPATH_SEARCH_PATHS = "$(inherited) @executable_path/Frameworks @loader_path/Frameworks";
				PRODUCT_NAME = "$(TARGET_NAME)";
				TEST_HOST = "$(BUNDLE_LOADER)";
			};
			name = Release;
		};
/* End XCBuildConfiguration section */

/* Begin XCConfigurationList section */
		0437E6B9197C4B6E00C0BFEB /* Build configuration list for PBXProject "bialoszewski" */ = {
			isa = XCConfigurationList;
			buildConfigurations = (
				0437E6D8197C4B6E00C0BFEB /* Debug */,
				0437E6D9197C4B6E00C0BFEB /* Release */,
			);
			defaultConfigurationIsVisible = 0;
			defaultConfigurationName = Release;
		};
		0437E6DA197C4B6E00C0BFEB /* Build configuration list for PBXNativeTarget "bialoszewski" */ = {
			isa = XCConfigurationList;
			buildConfigurations = (
				0437E6DB197C4B6E00C0BFEB /* Debug */,
				0437E6DC197C4B6E00C0BFEB /* Release */,
			);
			defaultConfigurationIsVisible = 0;
			defaultConfigurationName = Release;
		};
		0437E6DD197C4B6E00C0BFEB /* Build configuration list for PBXNativeTarget "bialoszewskiTests" */ = {
			isa = XCConfigurationList;
			buildConfigurations = (
				0437E6DE197C4B6E00C0BFEB /* Debug */,
				0437E6DF197C4B6E00C0BFEB /* Release */,
			);
			defaultConfigurationIsVisible = 0;
			defaultConfigurationName = Release;
		};
/* End XCConfigurationList section */
	};
	rootObject = 0437E6B6197C4B6E00C0BFEB /* Project object */;
}
